// !$*UTF8*$!
{
	archiveVersion = 1;
	classes = {
	};
	objectVersion = 50;
	objects = {

/* Begin PBXBuildFile section */
		442C490526C2574700DCBE8E /* MemoryGame.swift in Sources */ = {isa = PBXBuildFile; fileRef = 442C490426C2574700DCBE8E /* MemoryGame.swift */; };
		442C490726C25A7200DCBE8E /* EmojiMemoryGame.swift in Sources */ = {isa = PBXBuildFile; fileRef = 442C490626C25A7200DCBE8E /* EmojiMemoryGame.swift */; };
		4456557426BBEB8A0010A566 /* MemorizeApp.swift in Sources */ = {isa = PBXBuildFile; fileRef = 4456557326BBEB8A0010A566 /* MemorizeApp.swift */; };
		4456557626BBEB8A0010A566 /* ContentView.swift in Sources */ = {isa = PBXBuildFile; fileRef = 4456557526BBEB8A0010A566 /* ContentView.swift */; };
		4456557826BBEB8C0010A566 /* Assets.xcassets in Resources */ = {isa = PBXBuildFile; fileRef = 4456557726BBEB8C0010A566 /* Assets.xcassets */; };
		4456557B26BBEB8C0010A566 /* Preview Assets.xcassets in Resources */ = {isa = PBXBuildFile; fileRef = 4456557A26BBEB8C0010A566 /* Preview Assets.xcassets */; };
		4456558626BBEB8C0010A566 /* MemorizeTests.swift in Sources */ = {isa = PBXBuildFile; fileRef = 4456558526BBEB8C0010A566 /* MemorizeTests.swift */; };
		4456559126BBEB8C0010A566 /* MemorizeUITests.swift in Sources */ = {isa = PBXBuildFile; fileRef = 4456559026BBEB8C0010A566 /* MemorizeUITests.swift */; };
/* End PBXBuildFile section */

/* Begin PBXContainerItemProxy section */
		4456558226BBEB8C0010A566 /* PBXContainerItemProxy */ = {
			isa = PBXContainerItemProxy;
			containerPortal = 4456556826BBEB8A0010A566 /* Project object */;
			proxyType = 1;
			remoteGlobalIDString = 4456556F26BBEB8A0010A566;
			remoteInfo = Memorize;
		};
		4456558D26BBEB8C0010A566 /* PBXContainerItemProxy */ = {
			isa = PBXContainerItemProxy;
			containerPortal = 4456556826BBEB8A0010A566 /* Project object */;
			proxyType = 1;
			remoteGlobalIDString = 4456556F26BBEB8A0010A566;
			remoteInfo = Memorize;
		};
/* End PBXContainerItemProxy section */

/* Begin PBXFileReference section */
		442C490426C2574700DCBE8E /* MemoryGame.swift */ = {isa = PBXFileReference; lastKnownFileType = sourcecode.swift; path = MemoryGame.swift; sourceTree = SOURCE_ROOT; };
		442C490626C25A7200DCBE8E /* EmojiMemoryGame.swift */ = {isa = PBXFileReference; lastKnownFileType = sourcecode.swift; path = EmojiMemoryGame.swift; sourceTree = "<group>"; };
		4456557026BBEB8A0010A566 /* Memorize.app */ = {isa = PBXFileReference; explicitFileType = wrapper.application; includeInIndex = 0; path = Memorize.app; sourceTree = BUILT_PRODUCTS_DIR; };
		4456557326BBEB8A0010A566 /* MemorizeApp.swift */ = {isa = PBXFileReference; lastKnownFileType = sourcecode.swift; path = MemorizeApp.swift; sourceTree = "<group>"; };
		4456557526BBEB8A0010A566 /* ContentView.swift */ = {isa = PBXFileReference; lastKnownFileType = sourcecode.swift; path = ContentView.swift; sourceTree = "<group>"; };
		4456557726BBEB8C0010A566 /* Assets.xcassets */ = {isa = PBXFileReference; lastKnownFileType = folder.assetcatalog; path = Assets.xcassets; sourceTree = "<group>"; };
		4456557A26BBEB8C0010A566 /* Preview Assets.xcassets */ = {isa = PBXFileReference; lastKnownFileType = folder.assetcatalog; path = "Preview Assets.xcassets"; sourceTree = "<group>"; };
		4456557C26BBEB8C0010A566 /* Info.plist */ = {isa = PBXFileReference; lastKnownFileType = text.plist.xml; path = Info.plist; sourceTree = "<group>"; };
		4456558126BBEB8C0010A566 /* MemorizeTests.xctest */ = {isa = PBXFileReference; explicitFileType = wrapper.cfbundle; includeInIndex = 0; path = MemorizeTests.xctest; sourceTree = BUILT_PRODUCTS_DIR; };
		4456558526BBEB8C0010A566 /* MemorizeTests.swift */ = {isa = PBXFileReference; lastKnownFileType = sourcecode.swift; path = MemorizeTests.swift; sourceTree = "<group>"; };
		4456558726BBEB8C0010A566 /* Info.plist */ = {isa = PBXFileReference; lastKnownFileType = text.plist.xml; path = Info.plist; sourceTree = "<group>"; };
		4456558C26BBEB8C0010A566 /* MemorizeUITests.xctest */ = {isa = PBXFileReference; explicitFileType = wrapper.cfbundle; includeInIndex = 0; path = MemorizeUITests.xctest; sourceTree = BUILT_PRODUCTS_DIR; };
		4456559026BBEB8C0010A566 /* MemorizeUITests.swift */ = {isa = PBXFileReference; lastKnownFileType = sourcecode.swift; path = MemorizeUITests.swift; sourceTree = "<group>"; };
		4456559226BBEB8C0010A566 /* Info.plist */ = {isa = PBXFileReference; lastKnownFileType = text.plist.xml; path = Info.plist; sourceTree = "<group>"; };
/* End PBXFileReference section */

/* Begin PBXFrameworksBuildPhase section */
		4456556D26BBEB8A0010A566 /* Frameworks */ = {
			isa = PBXFrameworksBuildPhase;
			buildActionMask = 2147483647;
			files = (
			);
			runOnlyForDeploymentPostprocessing = 0;
		};
		4456557E26BBEB8C0010A566 /* Frameworks */ = {
			isa = PBXFrameworksBuildPhase;
			buildActionMask = 2147483647;
			files = (
			);
			runOnlyForDeploymentPostprocessing = 0;
		};
		4456558926BBEB8C0010A566 /* Frameworks */ = {
			isa = PBXFrameworksBuildPhase;
			buildActionMask = 2147483647;
			files = (
			);
			runOnlyForDeploymentPostprocessing = 0;
		};
/* End PBXFrameworksBuildPhase section */

/* Begin PBXGroup section */
		4456556726BBEB8A0010A566 = {
			isa = PBXGroup;
			children = (
				4456557226BBEB8A0010A566 /* Memorize */,
				4456558426BBEB8C0010A566 /* MemorizeTests */,
				4456558F26BBEB8C0010A566 /* MemorizeUITests */,
				4456557126BBEB8A0010A566 /* Products */,
			);
			sourceTree = "<group>";
		};
		4456557126BBEB8A0010A566 /* Products */ = {
			isa = PBXGroup;
			children = (
				4456557026BBEB8A0010A566 /* Memorize.app */,
				4456558126BBEB8C0010A566 /* MemorizeTests.xctest */,
				4456558C26BBEB8C0010A566 /* MemorizeUITests.xctest */,
			);
			name = Products;
			sourceTree = "<group>";
		};
		4456557226BBEB8A0010A566 /* Memorize */ = {
			isa = PBXGroup;
			children = (
				442C490426C2574700DCBE8E /* MemoryGame.swift */,
				442C490626C25A7200DCBE8E /* EmojiMemoryGame.swift */,
				4456557326BBEB8A0010A566 /* MemorizeApp.swift */,
				4456557526BBEB8A0010A566 /* ContentView.swift */,
				4456557726BBEB8C0010A566 /* Assets.xcassets */,
				4456557C26BBEB8C0010A566 /* Info.plist */,
				4456557926BBEB8C0010A566 /* Preview Content */,
			);
			path = Memorize;
			sourceTree = "<group>";
		};
		4456557926BBEB8C0010A566 /* Preview Content */ = {
			isa = PBXGroup;
			children = (
				4456557A26BBEB8C0010A566 /* Preview Assets.xcassets */,
			);
			path = "Preview Content";
			sourceTree = "<group>";
		};
		4456558426BBEB8C0010A566 /* MemorizeTests */ = {
			isa = PBXGroup;
			children = (
				4456558526BBEB8C0010A566 /* MemorizeTests.swift */,
				4456558726BBEB8C0010A566 /* Info.plist */,
			);
			path = MemorizeTests;
			sourceTree = "<group>";
		};
		4456558F26BBEB8C0010A566 /* MemorizeUITests */ = {
			isa = PBXGroup;
			children = (
				4456559026BBEB8C0010A566 /* MemorizeUITests.swift */,
				4456559226BBEB8C0010A566 /* Info.plist */,
			);
			path = MemorizeUITests;
			sourceTree = "<group>";
		};
/* End PBXGroup section */

/* Begin PBXNativeTarget section */
		4456556F26BBEB8A0010A566 /* Memorize */ = {
			isa = PBXNativeTarget;
			buildConfigurationList = 4456559526BBEB8C0010A566 /* Build configuration list for PBXNativeTarget "Memorize" */;
			buildPhases = (
				4456556C26BBEB8A0010A566 /* Sources */,
				4456556D26BBEB8A0010A566 /* Frameworks */,
				4456556E26BBEB8A0010A566 /* Resources */,
			);
			buildRules = (
			);
			dependencies = (
			);
			name = Memorize;
			productName = Memorize;
			productReference = 4456557026BBEB8A0010A566 /* Memorize.app */;
			productType = "com.apple.product-type.application";
		};
		4456558026BBEB8C0010A566 /* MemorizeTests */ = {
			isa = PBXNativeTarget;
			buildConfigurationList = 4456559826BBEB8C0010A566 /* Build configuration list for PBXNativeTarget "MemorizeTests" */;
			buildPhases = (
				4456557D26BBEB8C0010A566 /* Sources */,
				4456557E26BBEB8C0010A566 /* Frameworks */,
				4456557F26BBEB8C0010A566 /* Resources */,
			);
			buildRules = (
			);
			dependencies = (
				4456558326BBEB8C0010A566 /* PBXTargetDependency */,
			);
			name = MemorizeTests;
			productName = MemorizeTests;
			productReference = 4456558126BBEB8C0010A566 /* MemorizeTests.xctest */;
			productType = "com.apple.product-type.bundle.unit-test";
		};
		4456558B26BBEB8C0010A566 /* MemorizeUITests */ = {
			isa = PBXNativeTarget;
			buildConfigurationList = 4456559B26BBEB8C0010A566 /* Build configuration list for PBXNativeTarget "MemorizeUITests" */;
			buildPhases = (
				4456558826BBEB8C0010A566 /* Sources */,
				4456558926BBEB8C0010A566 /* Frameworks */,
				4456558A26BBEB8C0010A566 /* Resources */,
			);
			buildRules = (
			);
			dependencies = (
				4456558E26BBEB8C0010A566 /* PBXTargetDependency */,
			);
			name = MemorizeUITests;
			productName = MemorizeUITests;
			productReference = 4456558C26BBEB8C0010A566 /* MemorizeUITests.xctest */;
			productType = "com.apple.product-type.bundle.ui-testing";
		};
/* End PBXNativeTarget section */

/* Begin PBXProject section */
		4456556826BBEB8A0010A566 /* Project object */ = {
			isa = PBXProject;
			attributes = {
				LastSwiftUpdateCheck = 1250;
				LastUpgradeCheck = 1250;
				TargetAttributes = {
					4456556F26BBEB8A0010A566 = {
						CreatedOnToolsVersion = 12.5.1;
					};
					4456558026BBEB8C0010A566 = {
						CreatedOnToolsVersion = 12.5.1;
						TestTargetID = 4456556F26BBEB8A0010A566;
					};
					4456558B26BBEB8C0010A566 = {
						CreatedOnToolsVersion = 12.5.1;
						TestTargetID = 4456556F26BBEB8A0010A566;
					};
				};
			};
			buildConfigurationList = 4456556B26BBEB8A0010A566 /* Build configuration list for PBXProject "Memorize" */;
			compatibilityVersion = "Xcode 9.3";
			developmentRegion = en;
			hasScannedForEncodings = 0;
			knownRegions = (
				en,
				Base,
			);
			mainGroup = 4456556726BBEB8A0010A566;
			productRefGroup = 4456557126BBEB8A0010A566 /* Products */;
			projectDirPath = "";
			projectRoot = "";
			targets = (
				4456556F26BBEB8A0010A566 /* Memorize */,
				4456558026BBEB8C0010A566 /* MemorizeTests */,
				4456558B26BBEB8C0010A566 /* MemorizeUITests */,
			);
		};
/* End PBXProject section */

/* Begin PBXResourcesBuildPhase section */
		4456556E26BBEB8A0010A566 /* Resources */ = {
			isa = PBXResourcesBuildPhase;
			buildActionMask = 2147483647;
			files = (
				4456557B26BBEB8C0010A566 /* Preview Assets.xcassets in Resources */,
				4456557826BBEB8C0010A566 /* Assets.xcassets in Resources */,
			);
			runOnlyForDeploymentPostprocessing = 0;
		};
		4456557F26BBEB8C0010A566 /* Resources */ = {
			isa = PBXResourcesBuildPhase;
			buildActionMask = 2147483647;
			files = (
			);
			runOnlyForDeploymentPostprocessing = 0;
		};
		4456558A26BBEB8C0010A566 /* Resources */ = {
			isa = PBXResourcesBuildPhase;
			buildActionMask = 2147483647;
			files = (
			);
			runOnlyForDeploymentPostprocessing = 0;
		};
/* End PBXResourcesBuildPhase section */

/* Begin PBXSourcesBuildPhase section */
		4456556C26BBEB8A0010A566 /* Sources */ = {
			isa = PBXSourcesBuildPhase;
			buildActionMask = 2147483647;
			files = (
				442C490526C2574700DCBE8E /* MemoryGame.swift in Sources */,
				4456557626BBEB8A0010A566 /* ContentView.swift in Sources */,
				4456557426BBEB8A0010A566 /* MemorizeApp.swift in Sources */,
				442C490726C25A7200DCBE8E /* EmojiMemoryGame.swift in Sources */,
			);
			runOnlyForDeploymentPostprocessing = 0;
		};
		4456557D26BBEB8C0010A566 /* Sources */ = {
			isa = PBXSourcesBuildPhase;
			buildActionMask = 2147483647;
			files = (
				4456558626BBEB8C0010A566 /* MemorizeTests.swift in Sources */,
			);
			runOnlyForDeploymentPostprocessing = 0;
		};
		4456558826BBEB8C0010A566 /* Sources */ = {
			isa = PBXSourcesBuildPhase;
			buildActionMask = 2147483647;
			files = (
				4456559126BBEB8C0010A566 /* MemorizeUITests.swift in Sources */,
			);
			runOnlyForDeploymentPostprocessing = 0;
		};
/* End PBXSourcesBuildPhase section */

/* Begin PBXTargetDependency section */
		4456558326BBEB8C0010A566 /* PBXTargetDependency */ = {
			isa = PBXTargetDependency;
			target = 4456556F26BBEB8A0010A566 /* Memorize */;
			targetProxy = 4456558226BBEB8C0010A566 /* PBXContainerItemProxy */;
		};
		4456558E26BBEB8C0010A566 /* PBXTargetDependency */ = {
			isa = PBXTargetDependency;
			target = 4456556F26BBEB8A0010A566 /* Memorize */;
			targetProxy = 4456558D26BBEB8C0010A566 /* PBXContainerItemProxy */;
		};
/* End PBXTargetDependency section */

/* Begin XCBuildConfiguration section */
		4456559326BBEB8C0010A566 /* Debug */ = {
			isa = XCBuildConfiguration;
			buildSettings = {
				ALWAYS_SEARCH_USER_PATHS = NO;
				CLANG_ANALYZER_NONNULL = YES;
				CLANG_ANALYZER_NUMBER_OBJECT_CONVERSION = YES_AGGRESSIVE;
				CLANG_CXX_LANGUAGE_STANDARD = "gnu++14";
				CLANG_CXX_LIBRARY = "libc++";
				CLANG_ENABLE_MODULES = YES;
				CLANG_ENABLE_OBJC_ARC = YES;
				CLANG_ENABLE_OBJC_WEAK = YES;
				CLANG_WARN_BLOCK_CAPTURE_AUTORELEASING = YES;
				CLANG_WARN_BOOL_CONVERSION = YES;
				CLANG_WARN_COMMA = YES;
				CLANG_WARN_CONSTANT_CONVERSION = YES;
				CLANG_WARN_DEPRECATED_OBJC_IMPLEMENTATIONS = YES;
				CLANG_WARN_DIRECT_OBJC_ISA_USAGE = YES_ERROR;
				CLANG_WARN_DOCUMENTATION_COMMENTS = YES;
				CLANG_WARN_EMPTY_BODY = YES;
				CLANG_WARN_ENUM_CONVERSION = YES;
				CLANG_WARN_INFINITE_RECURSION = YES;
				CLANG_WARN_INT_CONVERSION = YES;
				CLANG_WARN_NON_LITERAL_NULL_CONVERSION = YES;
				CLANG_WARN_OBJC_IMPLICIT_RETAIN_SELF = YES;
				CLANG_WARN_OBJC_LITERAL_CONVERSION = YES;
				CLANG_WARN_OBJC_ROOT_CLASS = YES_ERROR;
				CLANG_WARN_QUOTED_INCLUDE_IN_FRAMEWORK_HEADER = YES;
				CLANG_WARN_RANGE_LOOP_ANALYSIS = YES;
				CLANG_WARN_STRICT_PROTOTYPES = YES;
				CLANG_WARN_SUSPICIOUS_MOVE = YES;
				CLANG_WARN_UNGUARDED_AVAILABILITY = YES_AGGRESSIVE;
				CLANG_WARN_UNREACHABLE_CODE = YES;
				CLANG_WARN__DUPLICATE_METHOD_MATCH = YES;
				COPY_PHASE_STRIP = NO;
				DEBUG_INFORMATION_FORMAT = dwarf;
				ENABLE_STRICT_OBJC_MSGSEND = YES;
				ENABLE_TESTABILITY = YES;
				GCC_C_LANGUAGE_STANDARD = gnu11;
				GCC_DYNAMIC_NO_PIC = NO;
				GCC_NO_COMMON_BLOCKS = YES;
				GCC_OPTIMIZATION_LEVEL = 0;
				GCC_PREPROCESSOR_DEFINITIONS = (
					"DEBUG=1",
					"$(inherited)",
				);
				GCC_WARN_64_TO_32_BIT_CONVERSION = YES;
				GCC_WARN_ABOUT_RETURN_TYPE = YES_ERROR;
				GCC_WARN_UNDECLARED_SELECTOR = YES;
				GCC_WARN_UNINITIALIZED_AUTOS = YES_AGGRESSIVE;
				GCC_WARN_UNUSED_FUNCTION = YES;
				GCC_WARN_UNUSED_VARIABLE = YES;
				IPHONEOS_DEPLOYMENT_TARGET = 14.5;
				MTL_ENABLE_DEBUG_INFO = INCLUDE_SOURCE;
				MTL_FAST_MATH = YES;
				ONLY_ACTIVE_ARCH = YES;
				SDKROOT = iphoneos;
				SWIFT_ACTIVE_COMPILATION_CONDITIONS = DEBUG;
				SWIFT_OPTIMIZATION_LEVEL = "-Onone";
			};
			name = Debug;
		};
		4456559426BBEB8C0010A566 /* Release */ = {
			isa = XCBuildConfiguration;
			buildSettings = {
				ALWAYS_SEARCH_USER_PATHS = NO;
				CLANG_ANALYZER_NONNULL = YES;
				CLANG_ANALYZER_NUMBER_OBJECT_CONVERSION = YES_AGGRESSIVE;
				CLANG_CXX_LANGUAGE_STANDARD = "gnu++14";
				CLANG_CXX_LIBRARY = "libc++";
				CLANG_ENABLE_MODULES = YES;
				CLANG_ENABLE_OBJC_ARC = YES;
				CLANG_ENABLE_OBJC_WEAK = YES;
				CLANG_WARN_BLOCK_CAPTURE_AUTORELEASING = YES;
				CLANG_WARN_BOOL_CONVERSION = YES;
				CLANG_WARN_COMMA = YES;
				CLANG_WARN_CONSTANT_CONVERSION = YES;
				CLANG_WARN_DEPRECATED_OBJC_IMPLEMENTATIONS = YES;
				CLANG_WARN_DIRECT_OBJC_ISA_USAGE = YES_ERROR;
				CLANG_WARN_DOCUMENTATION_COMMENTS = YES;
				CLANG_WARN_EMPTY_BODY = YES;
				CLANG_WARN_ENUM_CONVERSION = YES;
				CLANG_WARN_INFINITE_RECURSION = YES;
				CLANG_WARN_INT_CONVERSION = YES;
				CLANG_WARN_NON_LITERAL_NULL_CONVERSION = YES;
				CLANG_WARN_OBJC_IMPLICIT_RETAIN_SELF = YES;
				CLANG_WARN_OBJC_LITERAL_CONVERSION = YES;
				CLANG_WARN_OBJC_ROOT_CLASS = YES_ERROR;
				CLANG_WARN_QUOTED_INCLUDE_IN_FRAMEWORK_HEADER = YES;
				CLANG_WARN_RANGE_LOOP_ANALYSIS = YES;
				CLANG_WARN_STRICT_PROTOTYPES = YES;
				CLANG_WARN_SUSPICIOUS_MOVE = YES;
				CLANG_WARN_UNGUARDED_AVAILABILITY = YES_AGGRESSIVE;
				CLANG_WARN_UNREACHABLE_CODE = YES;
				CLANG_WARN__DUPLICATE_METHOD_MATCH = YES;
				COPY_PHASE_STRIP = NO;
				DEBUG_INFORMATION_FORMAT = "dwarf-with-dsym";
				ENABLE_NS_ASSERTIONS = NO;
				ENABLE_STRICT_OBJC_MSGSEND = YES;
				GCC_C_LANGUAGE_STANDARD = gnu11;
				GCC_NO_COMMON_BLOCKS = YES;
				GCC_WARN_64_TO_32_BIT_CONVERSION = YES;
				GCC_WARN_ABOUT_RETURN_TYPE = YES_ERROR;
				GCC_WARN_UNDECLARED_SELECTOR = YES;
				GCC_WARN_UNINITIALIZED_AUTOS = YES_AGGRESSIVE;
				GCC_WARN_UNUSED_FUNCTION = YES;
				GCC_WARN_UNUSED_VARIABLE = YES;
				IPHONEOS_DEPLOYMENT_TARGET = 14.5;
				MTL_ENABLE_DEBUG_INFO = NO;
				MTL_FAST_MATH = YES;
				SDKROOT = iphoneos;
				SWIFT_COMPILATION_MODE = wholemodule;
				SWIFT_OPTIMIZATION_LEVEL = "-O";
				VALIDATE_PRODUCT = YES;
			};
			name = Release;
		};
		4456559626BBEB8C0010A566 /* Debug */ = {
			isa = XCBuildConfiguration;
			buildSettings = {
				ASSETCATALOG_COMPILER_APPICON_NAME = AppIcon;
				ASSETCATALOG_COMPILER_GLOBAL_ACCENT_COLOR_NAME = AccentColor;
				CODE_SIGN_STYLE = Automatic;
				DEVELOPMENT_ASSET_PATHS = "\"Memorize/Preview Content\"";
				ENABLE_PREVIEWS = YES;
				INFOPLIST_FILE = Memorize/Info.plist;
				IPHONEOS_DEPLOYMENT_TARGET = 14.0;
				LD_RUNPATH_SEARCH_PATHS = (
					"$(inherited)",
					"@executable_path/Frameworks",
				);
				PRODUCT_BUNDLE_IDENTIFIER = nadyafarchanaf.Memorize;
				PRODUCT_NAME = "$(TARGET_NAME)";
				SWIFT_VERSION = 5.0;
				TARGETED_DEVICE_FAMILY = "1,2";
			};
			name = Debug;
		};
		4456559726BBEB8C0010A566 /* Release */ = {
			isa = XCBuildConfiguration;
			buildSettings = {
				ASSETCATALOG_COMPILER_APPICON_NAME = AppIcon;
				ASSETCATALOG_COMPILER_GLOBAL_ACCENT_COLOR_NAME = AccentColor;
				CODE_SIGN_STYLE = Automatic;
				DEVELOPMENT_ASSET_PATHS = "\"Memorize/Preview Content\"";
				ENABLE_PREVIEWS = YES;
				INFOPLIST_FILE = Memorize/Info.plist;
				IPHONEOS_DEPLOYMENT_TARGET = 14.0;
				LD_RUNPATH_SEARCH_PATHS = (
					"$(inherited)",
					"@executable_path/Frameworks",
				);
				PRODUCT_BUNDLE_IDENTIFIER = nadyafarchanaf.Memorize;
				PRODUCT_NAME = "$(TARGET_NAME)";
				SWIFT_VERSION = 5.0;
				TARGETED_DEVICE_FAMILY = "1,2";
			};
			name = Release;
		};
		4456559926BBEB8C0010A566 /* Debug */ = {
			isa = XCBuildConfiguration;
			buildSettings = {
				ALWAYS_EMBED_SWIFT_STANDARD_LIBRARIES = YES;
				BUNDLE_LOADER = "$(TEST_HOST)";
				CODE_SIGN_STYLE = Automatic;
				INFOPLIST_FILE = MemorizeTests/Info.plist;
				IPHONEOS_DEPLOYMENT_TARGET = 14.0;
				LD_RUNPATH_SEARCH_PATHS = (
					"$(inherited)",
					"@executable_path/Frameworks",
					"@loader_path/Frameworks",
				);
				PRODUCT_BUNDLE_IDENTIFIER = nadyafarchanaf.MemorizeTests;
				PRODUCT_NAME = "$(TARGET_NAME)";
				SWIFT_VERSION = 5.0;
				TARGETED_DEVICE_FAMILY = "1,2";
				TEST_HOST = "$(BUILT_PRODUCTS_DIR)/Memorize.app/Memorize";
			};
			name = Debug;
		};
		4456559A26BBEB8C0010A566 /* Release */ = {
			isa = XCBuildConfiguration;
			buildSettings = {
				ALWAYS_EMBED_SWIFT_STANDARD_LIBRARIES = YES;
				BUNDLE_LOADER = "$(TEST_HOST)";
				CODE_SIGN_STYLE = Automatic;
				INFOPLIST_FILE = MemorizeTests/Info.plist;
				IPHONEOS_DEPLOYMENT_TARGET = 14.0;
				LD_RUNPATH_SEARCH_PATHS = (
					"$(inherited)",
					"@executable_path/Frameworks",
					"@loader_path/Frameworks",
				);
				PRODUCT_BUNDLE_IDENTIFIER = nadyafarchanaf.MemorizeTests;
				PRODUCT_NAME = "$(TARGET_NAME)";
				SWIFT_VERSION = 5.0;
				TARGETED_DEVICE_FAMILY = "1,2";
				TEST_HOST = "$(BUILT_PRODUCTS_DIR)/Memorize.app/Memorize";
			};
			name = Release;
		};
		4456559C26BBEB8C0010A566 /* Debug */ = {
			isa = XCBuildConfiguration;
			buildSettings = {
				ALWAYS_EMBED_SWIFT_STANDARD_LIBRARIES = YES;
				CODE_SIGN_STYLE = Automatic;
				INFOPLIST_FILE = MemorizeUITests/Info.plist;
				LD_RUNPATH_SEARCH_PATHS = (
					"$(inherited)",
					"@executable_path/Frameworks",
					"@loader_path/Frameworks",
				);
				PRODUCT_BUNDLE_IDENTIFIER = nadyafarchanaf.MemorizeUITests;
				PRODUCT_NAME = "$(TARGET_NAME)";
				SWIFT_VERSION = 5.0;
				TARGETED_DEVICE_FAMILY = "1,2";
				TEST_TARGET_NAME = Memorize;
			};
			name = Debug;
		};
		4456559D26BBEB8C0010A566 /* Release */ = {
			isa = XCBuildConfiguration;
			buildSettings = {
				ALWAYS_EMBED_SWIFT_STANDARD_LIBRARIES = YES;
				CODE_SIGN_STYLE = Automatic;
				INFOPLIST_FILE = MemorizeUITests/Info.plist;
				LD_RUNPATH_SEARCH_PATHS = (
					"$(inherited)",
					"@executable_path/Frameworks",
					"@loader_path/Frameworks",
				);
				PRODUCT_BUNDLE_IDENTIFIER = nadyafarchanaf.MemorizeUITests;
				PRODUCT_NAME = "$(TARGET_NAME)";
				SWIFT_VERSION = 5.0;
				TARGETED_DEVICE_FAMILY = "1,2";
				TEST_TARGET_NAME = Memorize;
			};
			name = Release;
		};
/* End XCBuildConfiguration section */

/* Begin XCConfigurationList section */
		4456556B26BBEB8A0010A566 /* Build configuration list for PBXProject "Memorize" */ = {
			isa = XCConfigurationList;
			buildConfigurations = (
				4456559326BBEB8C0010A566 /* Debug */,
				4456559426BBEB8C0010A566 /* Release */,
			);
			defaultConfigurationIsVisible = 0;
			defaultConfigurationName = Release;
		};
		4456559526BBEB8C0010A566 /* Build configuration list for PBXNativeTarget "Memorize" */ = {
			isa = XCConfigurationList;
			buildConfigurations = (
				4456559626BBEB8C0010A566 /* Debug */,
				4456559726BBEB8C0010A566 /* Release */,
			);
			defaultConfigurationIsVisible = 0;
			defaultConfigurationName = Release;
		};
		4456559826BBEB8C0010A566 /* Build configuration list for PBXNativeTarget "MemorizeTests" */ = {
			isa = XCConfigurationList;
			buildConfigurations = (
				4456559926BBEB8C0010A566 /* Debug */,
				4456559A26BBEB8C0010A566 /* Release */,
			);
			defaultConfigurationIsVisible = 0;
			defaultConfigurationName = Release;
		};
		4456559B26BBEB8C0010A566 /* Build configuration list for PBXNativeTarget "MemorizeUITests" */ = {
			isa = XCConfigurationList;
			buildConfigurations = (
				4456559C26BBEB8C0010A566 /* Debug */,
				4456559D26BBEB8C0010A566 /* Release */,
			);
			defaultConfigurationIsVisible = 0;
			defaultConfigurationName = Release;
		};
/* End XCConfigurationList section */
	};
	rootObject = 4456556826BBEB8A0010A566 /* Project object */;
}
